
Microsoft Visual Studio Solution File, Format Version 12.00
# Visual Studio Version 17
VisualStudioVersion = 17.2.32616.157
MinimumVisualStudioVersion = 10.0.40219.1
Project("{FAE04EC0-301F-11D3-BF4B-00C04F79EFBC}") = "Fiap.Aula03.Web", "Fiap.Aula03.Web\Fiap.Aula03.Web.csproj", "{ABB858D3-D02C-4969-B827-19BC46DE80F8}"
EndProject
Global
	GlobalSection(SolutionConfigurationPlatforms) = preSolution
		Debug|Any CPU = Debug|Any CPU
		Release|Any CPU = Release|Any CPU
	EndGlobalSection
	GlobalSection(ProjectConfigurationPlatforms) = postSolution
		{ABB858D3-D02C-4969-B827-19BC46DE80F8}.Debug|Any CPU.ActiveCfg = Debug|Any CPU
		{ABB858D3-D02C-4969-B827-19BC46DE80F8}.Debug|Any CPU.Build.0 = Debug|Any CPU
		{ABB858D3-D02C-4969-B827-19BC46DE80F8}.Release|Any CPU.ActiveCfg = Release|Any CPU
		{ABB858D3-D02C-4969-B827-19BC46DE80F8}.Release|Any CPU.Build.0 = Release|Any CPU
	EndGlobalSection
	GlobalSection(SolutionProperties) = preSolution
		HideSolutionNode = FALSE
	EndGlobalSection
	GlobalSection(ExtensibilityGlobals) = postSolution
		SolutionGuid = {08F83AA5-67B6-42E3-9234-6AFA80522372}
	EndGlobalSection
EndGlobal
