
Microsoft Visual Studio Solution File, Format Version 12.00
# Visual Studio Version 17
VisualStudioVersion = 17.2.32616.157
MinimumVisualStudioVersion = 10.0.40219.1
Project("{FAE04EC0-301F-11D3-BF4B-00C04F79EFBC}") = "Fiap.Aula04.Web", "Fiap.Aula04.Web\Fiap.Aula04.Web.csproj", "{29DD470A-7584-4FE9-B59B-0779F8B4F51F}"
EndProject
Global
	GlobalSection(SolutionConfigurationPlatforms) = preSolution
		Debug|Any CPU = Debug|Any CPU
		Release|Any CPU = Release|Any CPU
	EndGlobalSection
	GlobalSection(ProjectConfigurationPlatforms) = postSolution
		{29DD470A-7584-4FE9-B59B-0779F8B4F51F}.Debug|Any CPU.ActiveCfg = Debug|Any CPU
		{29DD470A-7584-4FE9-B59B-0779F8B4F51F}.Debug|Any CPU.Build.0 = Debug|Any CPU
		{29DD470A-7584-4FE9-B59B-0779F8B4F51F}.Release|Any CPU.ActiveCfg = Release|Any CPU
		{29DD470A-7584-4FE9-B59B-0779F8B4F51F}.Release|Any CPU.Build.0 = Release|Any CPU
	EndGlobalSection
	GlobalSection(SolutionProperties) = preSolution
		HideSolutionNode = FALSE
	EndGlobalSection
	GlobalSection(ExtensibilityGlobals) = postSolution
		SolutionGuid = {E7516E09-EADF-47B2-86DA-860C42DA13C7}
	EndGlobalSection
EndGlobal
