
Microsoft Visual Studio Solution File, Format Version 12.00
# Visual Studio Version 17
VisualStudioVersion = 17.2.32616.157
MinimumVisualStudioVersion = 10.0.40219.1
Project("{FAE04EC0-301F-11D3-BF4B-00C04F79EFBC}") = "Fiap.Aula01.UI", "Fiap.Aula01.UI\Fiap.Aula01.UI.csproj", "{0C8AE0C4-1DF4-45D0-91AC-089815C93F60}"
EndProject
Global
	GlobalSection(SolutionConfigurationPlatforms) = preSolution
		Debug|Any CPU = Debug|Any CPU
		Release|Any CPU = Release|Any CPU
	EndGlobalSection
	GlobalSection(ProjectConfigurationPlatforms) = postSolution
		{0C8AE0C4-1DF4-45D0-91AC-089815C93F60}.Debug|Any CPU.ActiveCfg = Debug|Any CPU
		{0C8AE0C4-1DF4-45D0-91AC-089815C93F60}.Debug|Any CPU.Build.0 = Debug|Any CPU
		{0C8AE0C4-1DF4-45D0-91AC-089815C93F60}.Release|Any CPU.ActiveCfg = Release|Any CPU
		{0C8AE0C4-1DF4-45D0-91AC-089815C93F60}.Release|Any CPU.Build.0 = Release|Any CPU
	EndGlobalSection
	GlobalSection(SolutionProperties) = preSolution
		HideSolutionNode = FALSE
	EndGlobalSection
	GlobalSection(ExtensibilityGlobals) = postSolution
		SolutionGuid = {F4F1DC30-E661-4C93-806C-7ACE4E4841EC}
	EndGlobalSection
EndGlobal
