
Microsoft Visual Studio Solution File, Format Version 12.00
# Visual Studio Version 17
VisualStudioVersion = 17.2.32616.157
MinimumVisualStudioVersion = 10.0.40219.1
Project("{9A19103F-16F7-4668-BE54-9A1E7A4F7556}") = "Fiap.Aula02.UI", "Fiap.Aula02.UI\Fiap.Aula02.UI.csproj", "{0B8189A3-330A-4588-9EBD-A2905B26FC9A}"
EndProject
Project("{FAE04EC0-301F-11D3-BF4B-00C04F79EFBC}") = "Fiap.Exercicio", "Fiap.Exercicio\Fiap.Exercicio.csproj", "{0A1ADD2B-65E4-4EA0-8E81-DA656B14FE1E}"
EndProject
Global
	GlobalSection(SolutionConfigurationPlatforms) = preSolution
		Debug|Any CPU = Debug|Any CPU
		Release|Any CPU = Release|Any CPU
	EndGlobalSection
	GlobalSection(ProjectConfigurationPlatforms) = postSolution
		{0B8189A3-330A-4588-9EBD-A2905B26FC9A}.Debug|Any CPU.ActiveCfg = Debug|Any CPU
		{0B8189A3-330A-4588-9EBD-A2905B26FC9A}.Debug|Any CPU.Build.0 = Debug|Any CPU
		{0B8189A3-330A-4588-9EBD-A2905B26FC9A}.Release|Any CPU.ActiveCfg = Release|Any CPU
		{0B8189A3-330A-4588-9EBD-A2905B26FC9A}.Release|Any CPU.Build.0 = Release|Any CPU
		{0A1ADD2B-65E4-4EA0-8E81-DA656B14FE1E}.Debug|Any CPU.ActiveCfg = Debug|Any CPU
		{0A1ADD2B-65E4-4EA0-8E81-DA656B14FE1E}.Debug|Any CPU.Build.0 = Debug|Any CPU
		{0A1ADD2B-65E4-4EA0-8E81-DA656B14FE1E}.Release|Any CPU.ActiveCfg = Release|Any CPU
		{0A1ADD2B-65E4-4EA0-8E81-DA656B14FE1E}.Release|Any CPU.Build.0 = Release|Any CPU
	EndGlobalSection
	GlobalSection(SolutionProperties) = preSolution
		HideSolutionNode = FALSE
	EndGlobalSection
	GlobalSection(ExtensibilityGlobals) = postSolution
		SolutionGuid = {A637AAF7-9122-4995-BEBC-24544B797294}
	EndGlobalSection
EndGlobal
